{
    "_readme": [
        "This file locks the dependencies of your project to a known state",
        "Read more about it at https://getcomposer.org/doc/01-basic-usage.md#composer-lock-the-lock-file",
        "This file is @generated automatically"
    ],
    "content-hash": "3ca397d56b1bdfa9a0292f979235fcb6",
    "packages": [
        {
            "name": "enygma/yubikey",
            "version": "3.2",
            "source": {
                "type": "git",
                "url": "https://github.com/enygma/yubikey.git",
                "reference": "2a1b38754e94d8fa291f3747b237c492602229e3"
            },
            "dist": {
                "type": "zip",
                "url": "https://api.github.com/repos/enygma/yubikey/zipball/2a1b38754e94d8fa291f3747b237c492602229e3",
                "reference": "2a1b38754e94d8fa291f3747b237c492602229e3",
                "shasum": ""
            },
            "require": {
                "php": ">=5.3.1"
            },
            "require-dev": {
                "codeclimate/php-test-reporter": "dev-master",
                "phpunit/phpunit": "4.3.2"
            },
            "type": "library",
            "autoload": {
                "psr-0": {
                    "Yubikey": "src/"
                }
            },
            "notification-url": "https://packagist.org/downloads/",
            "license": [
                "MIT"
            ],
            "authors": [
                {
                    "name": "Chris Cornutt",
                    "email": "ccornutt@phpdeveloper.org",
                    "homepage": "http://www.phpdeveloper.org/"
                }
            ],
            "description": "PHP library to interface with the Yubikey REST API",
            "homepage": "https://github.com/enygma/yubikey.git",
            "keywords": [
                "api",
                "rest",
                "twofactor",
                "yubico",
                "yubikey"
            ],
            "time": "2015-04-20T23:52:22+00:00"
        },
        {
            "name": "vendi-advertising/vendi-shared-utils",
            "version": "3.1.0",
            "source": {
                "type": "git",
                "url": "https://github.com/vendi-advertising/vendi-shared-utils.git",
                "reference": "79d3ebca83a56aa8cc44f14dc0ba98d61bf73068"
            },
            "dist": {
                "type": "zip",
                "url": "https://api.github.com/repos/vendi-advertising/vendi-shared-utils/zipball/79d3ebca83a56aa8cc44f14dc0ba98d61bf73068",
                "reference": "79d3ebca83a56aa8cc44f14dc0ba98d61bf73068",
                "shasum": ""
            },
            "require": {
                "php": ">=5.3.0"
            },
            "require-dev": {
                "phpstan/phpstan": "^0.6.4",
                "phpunit/phpunit": "*",
                "scrutinizer/ocular": "*"
            },
            "type": "library",
            "autoload": {
                "psr-4": {
                    "Vendi\\Shared\\": "src/"
                }
            },
            "notification-url": "https://packagist.org/downloads/",
            "license": [
                "MIT"
            ],
            "authors": [
                {
                    "name": "Chris Haas",
                    "email": "chris@vendiadvertising.com",
                    "homepage": "https://www.vendiadvertising.com/",
                    "role": "Developer"
                }
            ],
            "description": "Helper class shared across all Vendi-controlled properties",
            "homepage": "https://github.com/vendi-advertising/vendi-shared-utils",
            "keywords": [
                "vendi",
                "vendi-advertising"
            ],
            "time": "2017-02-28T17:29:14+00:00"
        }
    ],
    "packages-dev": [],
    "aliases": [],
    "minimum-stability": "stable",
    "stability-flags": [],
    "prefer-stable": false,
    "prefer-lowest": false,
    "platform": [],
    "platform-dev": []
}
